// !$*UTF8*$!
{
	archiveVersion = 1;
	classes = {
	};
	objectVersion = 48;
	objects = {

/* Begin PBXBuildFile section */
		911AD3851F8B9619005BB367 /* Ramp.swift in Sources */ = {isa = PBXBuildFile; fileRef = 911AD3841F8B9619005BB367 /* Ramp.swift */; };
		911AD3871F8B9DFB005BB367 /* main.scn in Resources */ = {isa = PBXBuildFile; fileRef = 911AD3861F8B9DFB005BB367 /* main.scn */; };
		9169298F1F881CEB00A54E22 /* ramps.scn in Resources */ = {isa = PBXBuildFile; fileRef = 9169298E1F881CEB00A54E22 /* ramps.scn */; };
		91F438681F86907400570D25 /* AppDelegate.swift in Sources */ = {isa = PBXBuildFile; fileRef = 91F438671F86907400570D25 /* AppDelegate.swift */; };
		91F4386A1F86907400570D25 /* art.scnassets in Resources */ = {isa = PBXBuildFile; fileRef = 91F438691F86907400570D25 /* art.scnassets */; };
		91F4386C1F86907400570D25 /* RampPlacerVC.swift in Sources */ = {isa = PBXBuildFile; fileRef = 91F4386B1F86907400570D25 /* RampPlacerVC.swift */; };
		91F4386F1F86907400570D25 /* Main.storyboard in Resources */ = {isa = PBXBuildFile; fileRef = 91F4386D1F86907400570D25 /* Main.storyboard */; };
		91F438711F86907400570D25 /* Assets.xcassets in Resources */ = {isa = PBXBuildFile; fileRef = 91F438701F86907400570D25 /* Assets.xcassets */; };
		91F438741F86907400570D25 /* LaunchScreen.storyboard in Resources */ = {isa = PBXBuildFile; fileRef = 91F438721F86907400570D25 /* LaunchScreen.storyboard */; };
		91F4387D1F869BB200570D25 /* RampPickerVC.swift in Sources */ = {isa = PBXBuildFile; fileRef = 91F4387C1F869BB200570D25 /* RampPickerVC.swift */; };
/* End PBXBuildFile section */

/* Begin PBXFileReference section */
		911AD3841F8B9619005BB367 /* Ramp.swift */ = {isa = PBXFileReference; lastKnownFileType = sourcecode.swift; path = Ramp.swift; sourceTree = "<group>"; };
		911AD3861F8B9DFB005BB367 /* main.scn */ = {isa = PBXFileReference; lastKnownFileType = file.bplist; name = main.scn; path = art.scnassets/main.scn; sourceTree = "<group>"; };
		9169298E1F881CEB00A54E22 /* ramps.scn */ = {isa = PBXFileReference; lastKnownFileType = file.bplist; name = ramps.scn; path = art.scnassets/ramps.scn; sourceTree = "<group>"; };
		91F438641F86907400570D25 /* RampUp.app */ = {isa = PBXFileReference; explicitFileType = wrapper.application; includeInIndex = 0; path = RampUp.app; sourceTree = BUILT_PRODUCTS_DIR; };
		91F438671F86907400570D25 /* AppDelegate.swift */ = {isa = PBXFileReference; lastKnownFileType = sourcecode.swift; path = AppDelegate.swift; sourceTree = "<group>"; };
		91F438691F86907400570D25 /* art.scnassets */ = {isa = PBXFileReference; lastKnownFileType = wrapper.scnassets; path = art.scnassets; sourceTree = "<group>"; };
		91F4386B1F86907400570D25 /* RampPlacerVC.swift */ = {isa = PBXFileReference; lastKnownFileType = sourcecode.swift; path = RampPlacerVC.swift; sourceTree = "<group>"; };
		91F4386E1F86907400570D25 /* Base */ = {isa = PBXFileReference; lastKnownFileType = file.storyboard; name = Base; path = Base.lproj/Main.storyboard; sourceTree = "<group>"; };
		91F438701F86907400570D25 /* Assets.xcassets */ = {isa = PBXFileReference; lastKnownFileType = folder.assetcatalog; path = Assets.xcassets; sourceTree = "<group>"; };
		91F438731F86907400570D25 /* Base */ = {isa = PBXFileReference; lastKnownFileType = file.storyboard; name = Base; path = Base.lproj/LaunchScreen.storyboard; sourceTree = "<group>"; };
		91F438751F86907400570D25 /* Info.plist */ = {isa = PBXFileReference; lastKnownFileType = text.plist.xml; path = Info.plist; sourceTree = "<group>"; };
		91F4387C1F869BB200570D25 /* RampPickerVC.swift */ = {isa = PBXFileReference; lastKnownFileType = sourcecode.swift; path = RampPickerVC.swift; sourceTree = "<group>"; };
/* End PBXFileReference section */

/* Begin PBXFrameworksBuildPhase section */
		91F438611F86907400570D25 /* Frameworks */ = {
			isa = PBXFrameworksBuildPhase;
			buildActionMask = 2147483647;
			files = (
			);
			runOnlyForDeploymentPostprocessing = 0;
		};
/* End PBXFrameworksBuildPhase section */

/* Begin PBXGroup section */
		911AD3831F8B95FB005BB367 /* Model */ = {
			isa = PBXGroup;
			children = (
				911AD3841F8B9619005BB367 /* Ramp.swift */,
			);
			path = Model;
			sourceTree = "<group>";
		};
		91F4385B1F86907400570D25 = {
			isa = PBXGroup;
			children = (
				91F438661F86907400570D25 /* RampUp */,
				91F438651F86907400570D25 /* Products */,
			);
			sourceTree = "<group>";
		};
		91F438651F86907400570D25 /* Products */ = {
			isa = PBXGroup;
			children = (
				91F438641F86907400570D25 /* RampUp.app */,
			);
			name = Products;
			sourceTree = "<group>";
		};
		91F438661F86907400570D25 /* RampUp */ = {
			isa = PBXGroup;
			children = (
				911AD3831F8B95FB005BB367 /* Model */,
				91F4387B1F86922100570D25 /* Controller */,
				91F438671F86907400570D25 /* AppDelegate.swift */,
				91F438691F86907400570D25 /* art.scnassets */,
				91F4386D1F86907400570D25 /* Main.storyboard */,
				91F438701F86907400570D25 /* Assets.xcassets */,
				91F438721F86907400570D25 /* LaunchScreen.storyboard */,
				91F438751F86907400570D25 /* Info.plist */,
				9169298E1F881CEB00A54E22 /* ramps.scn */,
				911AD3861F8B9DFB005BB367 /* main.scn */,
			);
			path = RampUp;
			sourceTree = "<group>";
		};
		91F4387B1F86922100570D25 /* Controller */ = {
			isa = PBXGroup;
			children = (
				91F4386B1F86907400570D25 /* RampPlacerVC.swift */,
				91F4387C1F869BB200570D25 /* RampPickerVC.swift */,
			);
			path = Controller;
			sourceTree = "<group>";
		};
/* End PBXGroup section */

/* Begin PBXNativeTarget section */
		91F438631F86907400570D25 /* RampUp */ = {
			isa = PBXNativeTarget;
			buildConfigurationList = 91F438781F86907400570D25 /* Build configuration list for PBXNativeTarget "RampUp" */;
			buildPhases = (
				91F438601F86907400570D25 /* Sources */,
				91F438611F86907400570D25 /* Frameworks */,
				91F438621F86907400570D25 /* Resources */,
			);
			buildRules = (
			);
			dependencies = (
			);
			name = RampUp;
			productName = RampUp;
			productReference = 91F438641F86907400570D25 /* RampUp.app */;
			productType = "com.apple.product-type.application";
		};
/* End PBXNativeTarget section */

/* Begin PBXProject section */
		91F4385C1F86907400570D25 /* Project object */ = {
			isa = PBXProject;
			attributes = {
				LastSwiftUpdateCheck = 0900;
				LastUpgradeCheck = 0900;
				ORGANIZATIONNAME = "Stanley Pan";
				TargetAttributes = {
					91F438631F86907400570D25 = {
						CreatedOnToolsVersion = 9.0;
						ProvisioningStyle = Automatic;
					};
				};
			};
			buildConfigurationList = 91F4385F1F86907400570D25 /* Build configuration list for PBXProject "RampUp" */;
			compatibilityVersion = "Xcode 8.0";
			developmentRegion = en;
			hasScannedForEncodings = 0;
			knownRegions = (
				en,
				Base,
			);
			mainGroup = 91F4385B1F86907400570D25;
			productRefGroup = 91F438651F86907400570D25 /* Products */;
			projectDirPath = "";
			projectRoot = "";
			targets = (
				91F438631F86907400570D25 /* RampUp */,
			);
		};
/* End PBXProject section */

/* Begin PBXResourcesBuildPhase section */
		91F438621F86907400570D25 /* Resources */ = {
			isa = PBXResourcesBuildPhase;
			buildActionMask = 2147483647;
			files = (
				91F4386A1F86907400570D25 /* art.scnassets in Resources */,
				91F438741F86907400570D25 /* LaunchScreen.storyboard in Resources */,
				91F438711F86907400570D25 /* Assets.xcassets in Resources */,
				91F4386F1F86907400570D25 /* Main.storyboard in Resources */,
				9169298F1F881CEB00A54E22 /* ramps.scn in Resources */,
				911AD3871F8B9DFB005BB367 /* main.scn in Resources */,
			);
			runOnlyForDeploymentPostprocessing = 0;
		};
/* End PBXResourcesBuildPhase section */

/* Begin PBXSourcesBuildPhase section */
		91F438601F86907400570D25 /* Sources */ = {
			isa = PBXSourcesBuildPhase;
			buildActionMask = 2147483647;
			files = (
				91F4386C1F86907400570D25 /* RampPlacerVC.swift in Sources */,
				911AD3851F8B9619005BB367 /* Ramp.swift in Sources */,
				91F4387D1F869BB200570D25 /* RampPickerVC.swift in Sources */,
				91F438681F86907400570D25 /* AppDelegate.swift in Sources */,
			);
			runOnlyForDeploymentPostprocessing = 0;
		};
/* End PBXSourcesBuildPhase section */

/* Begin PBXVariantGroup section */
		91F4386D1F86907400570D25 /* Main.storyboard */ = {
			isa = PBXVariantGroup;
			children = (
				91F4386E1F86907400570D25 /* Base */,
			);
			name = Main.storyboard;
			sourceTree = "<group>";
		};
		91F438721F86907400570D25 /* LaunchScreen.storyboard */ = {
			isa = PBXVariantGroup;
			children = (
				91F438731F86907400570D25 /* Base */,
			);
			name = LaunchScreen.storyboard;
			sourceTree = "<group>";
		};
/* End PBXVariantGroup section */

/* Begin XCBuildConfiguration section */
		91F438761F86907400570D25 /* Debug */ = {
			isa = XCBuildConfiguration;
			buildSettings = {
				ALWAYS_SEARCH_USER_PATHS = NO;
				CLANG_ANALYZER_NONNULL = YES;
				CLANG_ANALYZER_NUMBER_OBJECT_CONVERSION = YES_AGGRESSIVE;
				CLANG_CXX_LANGUAGE_STANDARD = "gnu++14";
				CLANG_CXX_LIBRARY = "libc++";
				CLANG_ENABLE_MODULES = YES;
				CLANG_ENABLE_OBJC_ARC = YES;
				CLANG_WARN_BLOCK_CAPTURE_AUTORELEASING = YES;
				CLANG_WARN_BOOL_CONVERSION = YES;
				CLANG_WARN_COMMA = YES;
				CLANG_WARN_CONSTANT_CONVERSION = YES;
				CLANG_WARN_DIRECT_OBJC_ISA_USAGE = YES_ERROR;
				CLANG_WARN_DOCUMENTATION_COMMENTS = YES;
				CLANG_WARN_EMPTY_BODY = YES;
				CLANG_WARN_ENUM_CONVERSION = YES;
				CLANG_WARN_INFINITE_RECURSION = YES;
				CLANG_WARN_INT_CONVERSION = YES;
				CLANG_WARN_NON_LITERAL_NULL_CONVERSION = YES;
				CLANG_WARN_OBJC_LITERAL_CONVERSION = YES;
				CLANG_WARN_OBJC_ROOT_CLASS = YES_ERROR;
				CLANG_WARN_RANGE_LOOP_ANALYSIS = YES;
				CLANG_WARN_STRICT_PROTOTYPES = YES;
				CLANG_WARN_SUSPICIOUS_MOVE = YES;
				CLANG_WARN_UNGUARDED_AVAILABILITY = YES_AGGRESSIVE;
				CLANG_WARN_UNREACHABLE_CODE = YES;
				CLANG_WARN__DUPLICATE_METHOD_MATCH = YES;
				CODE_SIGN_IDENTITY = "iPhone Developer";
				COPY_PHASE_STRIP = NO;
				DEBUG_INFORMATION_FORMAT = dwarf;
				ENABLE_STRICT_OBJC_MSGSEND = YES;
				ENABLE_TESTABILITY = YES;
				GCC_C_LANGUAGE_STANDARD = gnu11;
				GCC_DYNAMIC_NO_PIC = NO;
				GCC_NO_COMMON_BLOCKS = YES;
				GCC_OPTIMIZATION_LEVEL = 0;
				GCC_PREPROCESSOR_DEFINITIONS = (
					"DEBUG=1",
					"$(inherited)",
				);
				GCC_WARN_64_TO_32_BIT_CONVERSION = YES;
				GCC_WARN_ABOUT_RETURN_TYPE = YES_ERROR;
				GCC_WARN_UNDECLARED_SELECTOR = YES;
				GCC_WARN_UNINITIALIZED_AUTOS = YES_AGGRESSIVE;
				GCC_WARN_UNUSED_FUNCTION = YES;
				GCC_WARN_UNUSED_VARIABLE = YES;
				IPHONEOS_DEPLOYMENT_TARGET = 11.0;
				MTL_ENABLE_DEBUG_INFO = YES;
				ONLY_ACTIVE_ARCH = YES;
				SDKROOT = iphoneos;
				SWIFT_ACTIVE_COMPILATION_CONDITIONS = DEBUG;
				SWIFT_OPTIMIZATION_LEVEL = "-Onone";
			};
			name = Debug;
		};
		91F438771F86907400570D25 /* Release */ = {
			isa = XCBuildConfiguration;
			buildSettings = {
				ALWAYS_SEARCH_USER_PATHS = NO;
				CLANG_ANALYZER_NONNULL = YES;
				CLANG_ANALYZER_NUMBER_OBJECT_CONVERSION = YES_AGGRESSIVE;
				CLANG_CXX_LANGUAGE_STANDARD = "gnu++14";
				CLANG_CXX_LIBRARY = "libc++";
				CLANG_ENABLE_MODULES = YES;
				CLANG_ENABLE_OBJC_ARC = YES;
				CLANG_WARN_BLOCK_CAPTURE_AUTORELEASING = YES;
				CLANG_WARN_BOOL_CONVERSION = YES;
				CLANG_WARN_COMMA = YES;
				CLANG_WARN_CONSTANT_CONVERSION = YES;
				CLANG_WARN_DIRECT_OBJC_ISA_USAGE = YES_ERROR;
				CLANG_WARN_DOCUMENTATION_COMMENTS = YES;
				CLANG_WARN_EMPTY_BODY = YES;
				CLANG_WARN_ENUM_CONVERSION = YES;
				CLANG_WARN_INFINITE_RECURSION = YES;
				CLANG_WARN_INT_CONVERSION = YES;
				CLANG_WARN_NON_LITERAL_NULL_CONVERSION = YES;
				CLANG_WARN_OBJC_LITERAL_CONVERSION = YES;
				CLANG_WARN_OBJC_ROOT_CLASS = YES_ERROR;
				CLANG_WARN_RANGE_LOOP_ANALYSIS = YES;
				CLANG_WARN_STRICT_PROTOTYPES = YES;
				CLANG_WARN_SUSPICIOUS_MOVE = YES;
				CLANG_WARN_UNGUARDED_AVAILABILITY = YES_AGGRESSIVE;
				CLANG_WARN_UNREACHABLE_CODE = YES;
				CLANG_WARN__DUPLICATE_METHOD_MATCH = YES;
				CODE_SIGN_IDENTITY = "iPhone Developer";
				COPY_PHASE_STRIP = NO;
				DEBUG_INFORMATION_FORMAT = "dwarf-with-dsym";
				ENABLE_NS_ASSERTIONS = NO;
				ENABLE_STRICT_OBJC_MSGSEND = YES;
				GCC_C_LANGUAGE_STANDARD = gnu11;
				GCC_NO_COMMON_BLOCKS = YES;
				GCC_WARN_64_TO_32_BIT_CONVERSION = YES;
				GCC_WARN_ABOUT_RETURN_TYPE = YES_ERROR;
				GCC_WARN_UNDECLARED_SELECTOR = YES;
				GCC_WARN_UNINITIALIZED_AUTOS = YES_AGGRESSIVE;
				GCC_WARN_UNUSED_FUNCTION = YES;
				GCC_WARN_UNUSED_VARIABLE = YES;
				IPHONEOS_DEPLOYMENT_TARGET = 11.0;
				MTL_ENABLE_DEBUG_INFO = NO;
				SDKROOT = iphoneos;
				SWIFT_OPTIMIZATION_LEVEL = "-Owholemodule";
				VALIDATE_PRODUCT = YES;
			};
			name = Release;
		};
		91F438791F86907400570D25 /* Debug */ = {
			isa = XCBuildConfiguration;
			buildSettings = {
				ASSETCATALOG_COMPILER_APPICON_NAME = AppIcon;
				CODE_SIGN_STYLE = Automatic;
				DEVELOPMENT_TEAM = P48JT8XFF3;
				INFOPLIST_FILE = RampUp/Info.plist;
				LD_RUNPATH_SEARCH_PATHS = "$(inherited) @executable_path/Frameworks";
				PRODUCT_BUNDLE_IDENTIFIER = com.stanleypan.RampUp;
				PRODUCT_NAME = "$(TARGET_NAME)";
				SWIFT_VERSION = 4.0;
				TARGETED_DEVICE_FAMILY = "1,2";
			};
			name = Debug;
		};
		91F4387A1F86907400570D25 /* Release */ = {
			isa = XCBuildConfiguration;
			buildSettings = {
				ASSETCATALOG_COMPILER_APPICON_NAME = AppIcon;
				CODE_SIGN_STYLE = Automatic;
				DEVELOPMENT_TEAM = P48JT8XFF3;
				INFOPLIST_FILE = RampUp/Info.plist;
				LD_RUNPATH_SEARCH_PATHS = "$(inherited) @executable_path/Frameworks";
				PRODUCT_BUNDLE_IDENTIFIER = com.stanleypan.RampUp;
				PRODUCT_NAME = "$(TARGET_NAME)";
				SWIFT_VERSION = 4.0;
				TARGETED_DEVICE_FAMILY = "1,2";
			};
			name = Release;
		};
/* End XCBuildConfiguration section */

/* Begin XCConfigurationList section */
		91F4385F1F86907400570D25 /* Build configuration list for PBXProject "RampUp" */ = {
			isa = XCConfigurationList;
			buildConfigurations = (
				91F438761F86907400570D25 /* Debug */,
				91F438771F86907400570D25 /* Release */,
			);
			defaultConfigurationIsVisible = 0;
			defaultConfigurationName = Release;
		};
		91F438781F86907400570D25 /* Build configuration list for PBXNativeTarget "RampUp" */ = {
			isa = XCConfigurationList;
			buildConfigurations = (
				91F438791F86907400570D25 /* Debug */,
				91F4387A1F86907400570D25 /* Release */,
			);
			defaultConfigurationIsVisible = 0;
			defaultConfigurationName = Release;
		};
/* End XCConfigurationList section */
	};
	rootObject = 91F4385C1F86907400570D25 /* Project object */;
}
